
Microsoft Visual Studio Solution File, Format Version 12.00
Project("{F2A71F9B-5D33-465A-A702-920D77279786}") = "TelegramAudioFinder", "TelegramAudioFinder\TelegramAudioFinder.fsproj", "{62C3DC92-06AA-4837-B019-77E53CF465A0}"
EndProject
Global
	GlobalSection(SolutionConfigurationPlatforms) = preSolution
		Debug|Any CPU = Debug|Any CPU
		Release|Any CPU = Release|Any CPU
	EndGlobalSection
	GlobalSection(ProjectConfigurationPlatforms) = postSolution
		{62C3DC92-06AA-4837-B019-77E53CF465A0}.Debug|Any CPU.ActiveCfg = Debug|Any CPU
		{62C3DC92-06AA-4837-B019-77E53CF465A0}.Debug|Any CPU.Build.0 = Debug|Any CPU
		{62C3DC92-06AA-4837-B019-77E53CF465A0}.Release|Any CPU.ActiveCfg = Release|Any CPU
		{62C3DC92-06AA-4837-B019-77E53CF465A0}.Release|Any CPU.Build.0 = Release|Any CPU
	EndGlobalSection
EndGlobal
